
Microsoft Visual Studio Solution File, Format Version 12.00
# Visual Studio Version 17
VisualStudioVersion = 17.13.35931.197
MinimumVisualStudioVersion = 10.0.40219.1
Project("{FAE04EC0-301F-11D3-BF4B-00C04F79EFBC}") = "SortDesktopIcons", "SortDesktopIcons.csproj", "{4EAB37CB-3EA0-039B-1A52-0487C05A658B}"
EndProject
Project("{54435603-DBB4-11D2-8724-00A0C9A8B90C}") = "SortIconsSetup", "SortIconsSetup\SortIconsSetup.vdproj", "{3FAD7DB7-5C20-A857-FEB6-14F2C202A461}"
EndProject
Global
	GlobalSection(SolutionConfigurationPlatforms) = preSolution
		Debug|Any CPU = Debug|Any CPU
		Debug|x64 = Debug|x64
		Release|Any CPU = Release|Any CPU
		Release|x64 = Release|x64
	EndGlobalSection
	GlobalSection(ProjectConfigurationPlatforms) = postSolution
		{4EAB37CB-3EA0-039B-1A52-0487C05A658B}.Debug|Any CPU.ActiveCfg = Debug|Any CPU
		{4EAB37CB-3EA0-039B-1A52-0487C05A658B}.Debug|Any CPU.Build.0 = Debug|Any CPU
		{4EAB37CB-3EA0-039B-1A52-0487C05A658B}.Debug|x64.ActiveCfg = Debug|x64
		{4EAB37CB-3EA0-039B-1A52-0487C05A658B}.Debug|x64.Build.0 = Debug|x64
		{4EAB37CB-3EA0-039B-1A52-0487C05A658B}.Release|Any CPU.ActiveCfg = Release|Any CPU
		{4EAB37CB-3EA0-039B-1A52-0487C05A658B}.Release|Any CPU.Build.0 = Release|Any CPU
		{4EAB37CB-3EA0-039B-1A52-0487C05A658B}.Release|x64.ActiveCfg = Release|x64
		{4EAB37CB-3EA0-039B-1A52-0487C05A658B}.Release|x64.Build.0 = Release|x64
		{3FAD7DB7-5C20-A857-FEB6-14F2C202A461}.Debug|Any CPU.ActiveCfg = Debug
		{3FAD7DB7-5C20-A857-FEB6-14F2C202A461}.Debug|x64.ActiveCfg = Debug
		{3FAD7DB7-5C20-A857-FEB6-14F2C202A461}.Release|Any CPU.ActiveCfg = Release
		{3FAD7DB7-5C20-A857-FEB6-14F2C202A461}.Release|Any CPU.Build.0 = Release
		{3FAD7DB7-5C20-A857-FEB6-14F2C202A461}.Release|x64.ActiveCfg = Release
	EndGlobalSection
	GlobalSection(SolutionProperties) = preSolution
		HideSolutionNode = FALSE
	EndGlobalSection
	GlobalSection(ExtensibilityGlobals) = postSolution
		SolutionGuid = {0A5E0B60-4187-4A18-9D9E-415A045B6EEE}
	EndGlobalSection
EndGlobal
